{
  "name": "mobile",
  "version": "1.0.0",
  "lockfileVersion": 1,
  "requires": true,
  "dependencies": {
    "@babel/runtime": {
      "version": "7.10.2",
      "resolved": "https://registry.npm.taobao.org/@babel/runtime/download/@babel/runtime-7.10.2.tgz",
      "integrity": "sha1-0QPyHyYCSX04NIoy4AhjfVBtuDk=",
      "requires": {
        "regenerator-runtime": "^0.13.4"
      }
    },
    "@fortawesome/fontawesome-common-types": {
      "version": "0.2.36",
      "resolved": "https://registry.nlark.com/@fortawesome/fontawesome-common-types/download/@fortawesome/fontawesome-common-types-0.2.36.tgz",
      "integrity": "sha1-tE5S2ztrIFI+DFfvjELTFVMsuQM="
    },
    "@fortawesome/free-solid-svg-icons": {
      "version": "5.15.4",
      "resolved": "https://registry.nlark.com/@fortawesome/free-solid-svg-icons/download/@fortawesome/free-solid-svg-icons-5.15.4.tgz",
      "integrity": "sha1-Kmjz/D3doS5SZFZUFCueTo+7bMU=",
      "requires": {
        "@fortawesome/fontawesome-common-types": "^0.2.36"
      }
    },
    "@videojs/http-streaming": {
      "version": "1.13.2",
      "resolved": "https://registry.npm.taobao.org/@videojs/http-streaming/download/@videojs/http-streaming-1.13.2.tgz",
      "integrity": "sha1-npH59EDMr2yO1kCjYUIWOXuzhVg=",
      "requires": {
        "aes-decrypter": "3.0.0",
        "global": "^4.3.0",
        "m3u8-parser": "4.4.0",
        "mpd-parser": "0.10.0",
        "mux.js": "5.5.1",
        "url-toolkit": "^2.1.3",
        "video.js": "^6.8.0 || ^7.0.0"
      }
    },
    "@videojs/vhs-utils": {
      "version": "1.3.0",
      "resolved": "https://registry.npm.taobao.org/@videojs/vhs-utils/download/@videojs/vhs-utils-1.3.0.tgz",
      "integrity": "sha1-BP5AL2A6+aXfS4iIH6u6DPE4FMI=",
      "requires": {
        "@babel/runtime": "^7.5.5",
        "global": "^4.3.2",
        "url-toolkit": "^2.1.6"
      }
    },
    "@videojs/xhr": {
      "version": "2.5.1",
      "resolved": "https://registry.npm.taobao.org/@videojs/xhr/download/@videojs/xhr-2.5.1.tgz",
      "integrity": "sha1-JrxaeduzsDv7E3QsbOVZ+J6QcZ4=",
      "requires": {
        "@babel/runtime": "^7.5.5",
        "global": "~4.4.0",
        "is-function": "^1.0.1"
      },
      "dependencies": {
        "global": {
          "version": "4.4.0",
          "resolved": "https://registry.npm.taobao.org/global/download/global-4.4.0.tgz",
          "integrity": "sha1-PnsQUXkAajI+1xqvyj6cV6XMZAY=",
          "requires": {
            "min-document": "^2.19.0",
            "process": "^0.11.10"
          }
        },
        "process": {
          "version": "0.11.10",
          "resolved": "https://registry.npm.taobao.org/process/download/process-0.11.10.tgz",
          "integrity": "sha1-czIwDoQBYb2j5podHZGn1LwW8YI="
        }
      }
    },
    "aes-decrypter": {
      "version": "3.0.0",
      "resolved": "https://registry.npm.taobao.org/aes-decrypter/download/aes-decrypter-3.0.0.tgz",
      "integrity": "sha1-eEihwUW5/b9Xrj4rWxvHzwZEqPs=",
      "requires": {
        "commander": "^2.9.0",
        "global": "^4.3.2",
        "pkcs7": "^1.0.2"
      }
    },
    "axios": {
      "version": "0.19.2",
      "resolved": "https://registry.npm.taobao.org/axios/download/axios-0.19.2.tgz",
      "integrity": "sha1-PqNsXYgY0NX4qKl6bTa4bNwAyyc=",
      "requires": {
        "follow-redirects": "1.5.10"
      }
    },
    "babel-runtime": {
      "version": "6.26.0",
      "resolved": "https://registry.npm.taobao.org/babel-runtime/download/babel-runtime-6.26.0.tgz",
      "integrity": "sha1-llxwWGaOgrVde/4E/yM3vItWR/4=",
      "requires": {
        "core-js": "^2.4.0",
        "regenerator-runtime": "^0.11.0"
      },
      "dependencies": {
        "regenerator-runtime": {
          "version": "0.11.1",
          "resolved": "https://registry.npm.taobao.org/regenerator-runtime/download/regenerator-runtime-0.11.1.tgz",
          "integrity": "sha1-vgWtf5v30i4Fb5cmzuUBf78Z4uk="
        }
      }
    },
    "balloon-css": {
      "version": "1.1.0",
      "resolved": "https://registry.npm.taobao.org/balloon-css/download/balloon-css-1.1.0.tgz",
      "integrity": "sha1-n6/r6zB3V/iI5igzNhtcsnPTf8c="
    },
    "commander": {
      "version": "2.20.3",
      "resolved": "https://registry.npm.taobao.org/commander/download/commander-2.20.3.tgz",
      "integrity": "sha1-/UhehMA+tIgcIHIrpIA16FMa6zM="
    },
    "cookie-storage": {
      "version": "6.1.0",
      "resolved": "https://registry.nlark.com/cookie-storage/download/cookie-storage-6.1.0.tgz",
      "integrity": "sha1-KRsvZi2WG+RPmZYmWTQhy/zyN5A="
    },
    "copy-text-to-clipboard": {
      "version": "3.0.1",
      "resolved": "https://registry.npm.taobao.org/copy-text-to-clipboard/download/copy-text-to-clipboard-3.0.1.tgz",
      "integrity": "sha1-jL+PkOCkfxLkokdDc2Jl0Ve85pw="
    },
    "core-js": {
      "version": "2.6.11",
      "resolved": "https://registry.npm.taobao.org/core-js/download/core-js-2.6.11.tgz?cache=0&other_urls=https%3A%2F%2Fregistry.npm.taobao.org%2Fcore-js%2Fdownload%2Fcore-js-2.6.11.tgz",
      "integrity": "sha1-OIMUafmSK97Y7iHJ3EaYXgOZMIw="
    },
    "debug": {
      "version": "3.1.0",
      "resolved": "https://registry.npm.taobao.org/debug/download/debug-3.1.0.tgz?cache=0&other_urls=https%3A%2F%2Fregistry.npm.taobao.org%2Fdebug%2Fdownload%2Fdebug-3.1.0.tgz",
      "integrity": "sha1-W7WgZyYotkFJVmuhaBnmFRjGcmE=",
      "requires": {
        "ms": "2.0.0"
      }
    },
    "dom-walk": {
      "version": "0.1.2",
      "resolved": "https://registry.npm.taobao.org/dom-walk/download/dom-walk-0.1.2.tgz?cache=0&sync_timestamp=1585903908305&other_urls=https%3A%2F%2Fregistry.npm.taobao.org%2Fdom-walk%2Fdownload%2Fdom-walk-0.1.2.tgz",
      "integrity": "sha1-DFSL7wSPTR8qlySQAiNgYNqj/YQ="
    },
    "dplayer": {
      "version": "1.26.0",
      "resolved": "https://registry.npm.taobao.org/dplayer/download/dplayer-1.26.0.tgz",
      "integrity": "sha1-02YgCxlivQnpEiYGbyqt6m81xxs=",
      "requires": {
        "axios": "0.19.2",
        "balloon-css": "^1.0.3",
        "promise-polyfill": "8.1.3"
      }
    },
    "es5-shim": {
      "version": "4.5.14",
      "resolved": "https://registry.npm.taobao.org/es5-shim/download/es5-shim-4.5.14.tgz",
      "integrity": "sha1-kACeEBnQ6jJ0R8tSPer/j+RWl+8="
    },
    "eventemitter3": {
      "version": "3.1.0",
      "resolved": "https://registry.npm.taobao.org/eventemitter3/download/eventemitter3-3.1.0.tgz",
      "integrity": "sha1-CQtNbNvWRe0Qv3UNS1QHlC17oWM="
    },
    "follow-redirects": {
      "version": "1.5.10",
      "resolved": "https://registry.npm.taobao.org/follow-redirects/download/follow-redirects-1.5.10.tgz?cache=0&sync_timestamp=1592518349461&other_urls=https%3A%2F%2Fregistry.npm.taobao.org%2Ffollow-redirects%2Fdownload%2Ffollow-redirects-1.5.10.tgz",
      "integrity": "sha1-e3qfmuov3/NnhqlP9kPtB/T/Xio=",
      "requires": {
        "debug": "=3.1.0"
      }
    },
    "global": {
      "version": "4.3.2",
      "resolved": "https://registry.npm.taobao.org/global/download/global-4.3.2.tgz",
      "integrity": "sha1-52mJJopsdMOJCLEwWxD8DjlOnQ8=",
      "requires": {
        "min-document": "^2.19.0",
        "process": "~0.5.1"
      }
    },
    "hls.js": {
      "version": "0.13.2",
      "resolved": "https://registry.npm.taobao.org/hls.js/download/hls.js-0.13.2.tgz",
      "integrity": "sha1-Pn3SjjeHxpxqukK2SxHrLDyMKfE=",
      "requires": {
        "eventemitter3": "3.1.0",
        "url-toolkit": "^2.1.6"
      }
    },
    "individual": {
      "version": "2.0.0",
      "resolved": "https://registry.npm.taobao.org/individual/download/individual-2.0.0.tgz",
      "integrity": "sha1-gzsJfa0jKU52EXqY+zjg2a1hu5c="
    },
    "is-function": {
      "version": "1.0.2",
      "resolved": "https://registry.npm.taobao.org/is-function/download/is-function-1.0.2.tgz",
      "integrity": "sha1-Twl/MKv2762smDOxfKXcA/gUTgg="
    },
    "jweixin-module": {
      "version": "1.6.0",
      "resolved": "https://registry.npmjs.org/jweixin-module/-/jweixin-module-1.6.0.tgz",
      "integrity": "sha512-dGk9cf+ipipHmtzYmKZs5B2toX+p4hLyllGLF6xuC8t+B05oYxd8fYoaRz0T30U2n3RUv8a4iwvjhA+OcYz52w=="
    },
    "keycode": {
      "version": "2.2.0",
      "resolved": "https://registry.npm.taobao.org/keycode/download/keycode-2.2.0.tgz",
      "integrity": "sha1-PQr1bce4uOXLqNCpfxByBO7CKwQ="
    },
    "m3u8-parser": {
      "version": "4.4.0",
      "resolved": "https://registry.npm.taobao.org/m3u8-parser/download/m3u8-parser-4.4.0.tgz",
      "integrity": "sha1-rfYGwK9tl/Z1AJWkIAbCrgPd4Xc=",
      "requires": {
        "global": "^4.3.2"
      }
    },
    "min-document": {
      "version": "2.19.0",
      "resolved": "https://registry.npm.taobao.org/min-document/download/min-document-2.19.0.tgz",
      "integrity": "sha1-e9KC4/WELtKVu3SM3Z8f+iyCRoU=",
      "requires": {
        "dom-walk": "^0.1.0"
      }
    },
    "mpd-parser": {
      "version": "0.10.0",
      "resolved": "https://registry.npm.taobao.org/mpd-parser/download/mpd-parser-0.10.0.tgz",
      "integrity": "sha1-5Io5pOzTtbvQ7UrFmRucw2vNlZk=",
      "requires": {
        "@babel/runtime": "^7.5.5",
        "@videojs/vhs-utils": "^1.1.0",
        "global": "^4.3.2",
        "xmldom": "^0.1.27"
      }
    },
    "ms": {
      "version": "2.0.0",
      "resolved": "https://registry.npm.taobao.org/ms/download/ms-2.0.0.tgz?cache=0&other_urls=https%3A%2F%2Fregistry.npm.taobao.org%2Fms%2Fdownload%2Fms-2.0.0.tgz",
      "integrity": "sha1-VgiurfwAvmwpAd9fmGF4jeDVl8g="
    },
    "mutation-observer": {
      "version": "1.0.3",
      "resolved": "https://registry.npm.taobao.org/mutation-observer/download/mutation-observer-1.0.3.tgz",
      "integrity": "sha1-QukiKxAbyoLlup1aes9KFMDyY9A="
    },
    "mux.js": {
      "version": "5.5.1",
      "resolved": "https://registry.npm.taobao.org/mux.js/download/mux.js-5.5.1.tgz",
      "integrity": "sha1-W9XXsuXlVg2oEmko6TrzxTLgg3I="
    },
    "parse-headers": {
      "version": "2.0.3",
      "resolved": "https://registry.npm.taobao.org/parse-headers/download/parse-headers-2.0.3.tgz",
      "integrity": "sha1-Xo51Ejg9FAugLwx6qfSbQ5nJJRU="
    },
    "pkcs7": {
      "version": "1.0.2",
      "resolved": "https://registry.npm.taobao.org/pkcs7/download/pkcs7-1.0.2.tgz",
      "integrity": "sha1-ttulJ1KMKUK/wSLOLa/NteWQdOc="
    },
    "process": {
      "version": "0.5.2",
      "resolved": "https://registry.npm.taobao.org/process/download/process-0.5.2.tgz",
      "integrity": "sha1-FjjYqONML0QKkduVq5rrZ3/Bhc8="
    },
    "promise-polyfill": {
      "version": "8.1.3",
      "resolved": "https://registry.npm.taobao.org/promise-polyfill/download/promise-polyfill-8.1.3.tgz",
      "integrity": "sha1-jJmzz1PzqRxoIm/9573oHX+QQRY="
    },
    "regenerator-runtime": {
      "version": "0.13.5",
      "resolved": "https://registry.npm.taobao.org/regenerator-runtime/download/regenerator-runtime-0.13.5.tgz",
      "integrity": "sha1-2Hih0JS0MG0QuQlkhLM+vVXiZpc="
    },
    "rust-result": {
      "version": "1.0.0",
      "resolved": "https://registry.npm.taobao.org/rust-result/download/rust-result-1.0.0.tgz",
      "integrity": "sha1-NMdbLm3Dn+WHXlveyFteD5FTb3I=",
      "requires": {
        "individual": "^2.0.0"
      }
    },
    "safe-json-parse": {
      "version": "4.0.0",
      "resolved": "https://registry.npm.taobao.org/safe-json-parse/download/safe-json-parse-4.0.0.tgz",
      "integrity": "sha1-fA9XjPzNEtM6ccDgVBPi7KFx6qw=",
      "requires": {
        "rust-result": "^1.0.0"
      }
    },
    "svelte-fa": {
      "version": "2.3.3",
      "resolved": "https://registry.nlark.com/svelte-fa/download/svelte-fa-2.3.3.tgz",
      "integrity": "sha1-sTazLzl+xk+3CLim/1V4vdZfW+c="
    },
    "tsml": {
      "version": "1.0.1",
      "resolved": "https://registry.npm.taobao.org/tsml/download/tsml-1.0.1.tgz",
      "integrity": "sha1-ifghi52eJX9H1/a1bQHFpNLGj8M="
    },
    "url-toolkit": {
      "version": "2.2.0",
      "resolved": "https://registry.npm.taobao.org/url-toolkit/download/url-toolkit-2.2.0.tgz",
      "integrity": "sha1-mle4nzFdS33DQOFQvPpUjd9fXOk="
    },
    "vconsole": {
      "version": "3.9.3",
      "resolved": "https://registry.npmmirror.com/vconsole/download/vconsole-3.9.3.tgz",
      "integrity": "sha1-tAGneJ/q6zJ/0xwLtS6arhyisEQ=",
      "requires": {
        "@fortawesome/free-solid-svg-icons": "^5.15.3",
        "cookie-storage": "^6.1.0",
        "copy-text-to-clipboard": "^3.0.1",
        "core-js": "^3.11.0",
        "mutation-observer": "^1.0.3",
        "svelte-fa": "^2.2.1"
      },
      "dependencies": {
        "core-js": {
          "version": "3.19.0",
          "resolved": "https://registry.npmmirror.com/core-js/download/core-js-3.19.0.tgz",
          "integrity": "sha1-nkAJipvDJsfoG0hqu9XhK50nUXY="
        }
      }
    },
    "video.js": {
      "version": "7.8.2",
      "resolved": "https://registry.npm.taobao.org/video.js/download/video.js-7.8.2.tgz",
      "integrity": "sha1-E5TfC6BWgPCCHCgP8U5rPhw4RtQ=",
      "requires": {
        "@babel/runtime": "^7.9.2",
        "@videojs/http-streaming": "1.13.2",
        "@videojs/xhr": "2.5.1",
        "global": "4.3.2",
        "keycode": "^2.2.0",
        "safe-json-parse": "4.0.0",
        "videojs-font": "3.2.0",
        "videojs-vtt.js": "^0.15.2"
      }
    },
    "videojs-contrib-hls": {
      "version": "5.15.0",
      "resolved": "https://registry.npm.taobao.org/videojs-contrib-hls/download/videojs-contrib-hls-5.15.0.tgz",
      "integrity": "sha1-/klXNn5daLfSP3jtMuN6ndiSoKg=",
      "requires": {
        "aes-decrypter": "1.0.3",
        "global": "^4.3.0",
        "m3u8-parser": "2.1.0",
        "mux.js": "4.3.2",
        "url-toolkit": "^2.1.3",
        "video.js": "^5.19.1 || ^6.2.0",
        "videojs-contrib-media-sources": "4.7.2",
        "webwackify": "0.1.6"
      },
      "dependencies": {
        "aes-decrypter": {
          "version": "1.0.3",
          "resolved": "https://registry.npm.taobao.org/aes-decrypter/download/aes-decrypter-1.0.3.tgz",
          "integrity": "sha1-nAa4pUNaWtCduTP4oBSvzxhMw04=",
          "requires": {
            "pkcs7": "^0.2.3"
          }
        },
        "m3u8-parser": {
          "version": "2.1.0",
          "resolved": "https://registry.npm.taobao.org/m3u8-parser/download/m3u8-parser-2.1.0.tgz",
          "integrity": "sha1-yBcDKewc1RXQ1Yu4t2LamJbLA2g="
        },
        "mux.js": {
          "version": "4.3.2",
          "resolved": "https://registry.npm.taobao.org/mux.js/download/mux.js-4.3.2.tgz",
          "integrity": "sha1-V21TffA33F7DXsExa5SNgV01whA="
        },
        "pkcs7": {
          "version": "0.2.3",
          "resolved": "https://registry.npm.taobao.org/pkcs7/download/pkcs7-0.2.3.tgz",
          "integrity": "sha1-ItYGZtAQZcXyRDkJjkpIMEUic74="
        },
        "video.js": {
          "version": "6.13.0",
          "resolved": "https://registry.npm.taobao.org/video.js/download/video.js-6.13.0.tgz",
          "integrity": "sha1-+Uh9RjJzQPpI7NUTcqKYHbts3kw=",
          "requires": {
            "babel-runtime": "^6.9.2",
            "global": "4.3.2",
            "safe-json-parse": "4.0.0",
            "tsml": "1.0.1",
            "videojs-font": "2.1.0",
            "videojs-ie8": "1.1.2",
            "videojs-vtt.js": "0.12.6",
            "xhr": "2.4.0"
          }
        },
        "videojs-font": {
          "version": "2.1.0",
          "resolved": "https://registry.npm.taobao.org/videojs-font/download/videojs-font-2.1.0.tgz",
          "integrity": "sha1-olkwpn9snPvyu4jay4xrRR8JM3k="
        },
        "videojs-vtt.js": {
          "version": "0.12.6",
          "resolved": "https://registry.npm.taobao.org/videojs-vtt.js/download/videojs-vtt.js-0.12.6.tgz",
          "integrity": "sha1-4HhgC9qJnqpvnDMHE0zQyBGUe44=",
          "requires": {
            "global": "^4.3.1"
          }
        }
      }
    },
    "videojs-contrib-media-sources": {
      "version": "4.7.2",
      "resolved": "https://registry.npm.taobao.org/videojs-contrib-media-sources/download/videojs-contrib-media-sources-4.7.2.tgz",
      "integrity": "sha1-Ct+SkQfVt0zyyKuygkyCF35DhY4=",
      "requires": {
        "global": "^4.3.0",
        "mux.js": "4.3.2",
        "video.js": "^5.17.0 || ^6.2.0",
        "webwackify": "0.1.6"
      },
      "dependencies": {
        "mux.js": {
          "version": "4.3.2",
          "resolved": "https://registry.npm.taobao.org/mux.js/download/mux.js-4.3.2.tgz",
          "integrity": "sha1-V21TffA33F7DXsExa5SNgV01whA="
        },
        "video.js": {
          "version": "6.13.0",
          "resolved": "https://registry.npm.taobao.org/video.js/download/video.js-6.13.0.tgz",
          "integrity": "sha1-+Uh9RjJzQPpI7NUTcqKYHbts3kw=",
          "requires": {
            "babel-runtime": "^6.9.2",
            "global": "4.3.2",
            "safe-json-parse": "4.0.0",
            "tsml": "1.0.1",
            "videojs-font": "2.1.0",
            "videojs-ie8": "1.1.2",
            "videojs-vtt.js": "0.12.6",
            "xhr": "2.4.0"
          }
        },
        "videojs-font": {
          "version": "2.1.0",
          "resolved": "https://registry.npm.taobao.org/videojs-font/download/videojs-font-2.1.0.tgz",
          "integrity": "sha1-olkwpn9snPvyu4jay4xrRR8JM3k="
        },
        "videojs-vtt.js": {
          "version": "0.12.6",
          "resolved": "https://registry.npm.taobao.org/videojs-vtt.js/download/videojs-vtt.js-0.12.6.tgz",
          "integrity": "sha1-4HhgC9qJnqpvnDMHE0zQyBGUe44=",
          "requires": {
            "global": "^4.3.1"
          }
        }
      }
    },
    "videojs-font": {
      "version": "3.2.0",
      "resolved": "https://registry.npm.taobao.org/videojs-font/download/videojs-font-3.2.0.tgz",
      "integrity": "sha1-ISydP05Ow/pzRRZ9ZDFq3TXpIjI="
    },
    "videojs-ie8": {
      "version": "1.1.2",
      "resolved": "https://registry.npm.taobao.org/videojs-ie8/download/videojs-ie8-1.1.2.tgz",
      "integrity": "sha1-oj09hgitcZK2nGB3/E64SJmNNdk=",
      "requires": {
        "es5-shim": "^4.5.1"
      }
    },
    "videojs-vtt.js": {
      "version": "0.15.2",
      "resolved": "https://registry.npm.taobao.org/videojs-vtt.js/download/videojs-vtt.js-0.15.2.tgz",
      "integrity": "sha1-qCjE6gqsYwP6Rx/Wm8dYaluhonM=",
      "requires": {
        "global": "^4.3.1"
      }
    },
    "vue-dplayer": {
      "version": "0.0.10",
      "resolved": "https://registry.npm.taobao.org/vue-dplayer/download/vue-dplayer-0.0.10.tgz",
      "integrity": "sha1-0wuNFEyQhEun9OS17SEqphHtO9M=",
      "requires": {
        "dplayer": "^1.22.2",
        "vue-github-badge": "1.0.1"
      }
    },
    "vue-github-badge": {
      "version": "1.0.1",
      "resolved": "https://registry.npm.taobao.org/vue-github-badge/download/vue-github-badge-1.0.1.tgz",
      "integrity": "sha1-3/fOBzIOZKIY7fEGsVpDF27AYQY="
    },
    "vue-lazyload": {
      "version": "1.3.3",
      "resolved": "https://registry.npmjs.org/vue-lazyload/-/vue-lazyload-1.3.3.tgz",
      "integrity": "sha512-uHnq0FTEeNmqnbBC2aRKlmtd9LofMZ6Q3mWvgfLa+i9vhxU8fDK+nGs9c1iVT85axSua/AUnMttIq3xPaU9G3A=="
    },
    "webwackify": {
      "version": "0.1.6",
      "resolved": "https://registry.npm.taobao.org/webwackify/download/webwackify-0.1.6.tgz",
      "integrity": "sha1-HUKhKsYYI9fjRaveCE6qpipKles="
    },
    "xhr": {
      "version": "2.4.0",
      "resolved": "https://registry.npm.taobao.org/xhr/download/xhr-2.4.0.tgz",
      "integrity": "sha1-4W5mpF+GmGHu76tBbV7/ci3ECZM=",
      "requires": {
        "global": "~4.3.0",
        "is-function": "^1.0.1",
        "parse-headers": "^2.0.0",
        "xtend": "^4.0.0"
      }
    },
    "xmldom": {
      "version": "0.1.31",
      "resolved": "https://registry.npm.taobao.org/xmldom/download/xmldom-0.1.31.tgz",
      "integrity": "sha1-t2yaG9nwqXN+WnLcNyMc84N14v8="
    },
    "xtend": {
      "version": "4.0.2",
      "resolved": "https://registry.npm.taobao.org/xtend/download/xtend-4.0.2.tgz",
      "integrity": "sha1-u3J3n1+kZRhrH0OPZ0+jR/2121Q="
    }
  }
}
